bbox:
- -0.088875
- 0.088486
- -0.038783
- 0.030943
- 1.2e-05
- 0.05623
grasping_poses:
- opening: 0.0414996132172068
  p:
  - 0.006199147525239198
  - -0.005530168761324569
  - 0.028860667932609413
  quality: 1.9995040163723423
  r:
  - 0.7381214523222922
  - 0.10620102489116204
  - -0.6554343262277822
  - 0.11959894621621925
- opening: 0.0414996132172068
  p:
  - 0.006199147525239198
  - -0.005530168761324569
  - 0.028860667932609413
  quality: 1.9995040163723423
  r:
  - 0.5861314163437884
  - 0.4610335116248358
  - -0.5078233039174871
  - 0.43129288880298566
- opening: 0.0414996132172068
  p:
  - 0.006199147525239199
  - -0.00553016876132457
  - 0.028860667932609413
  quality: 1.9995040163723423
  r:
  - -0.29362220218048285
  - 0.6854837258848577
  - 0.2851625973888919
  - 0.6021464580848397
- opening: 0.0414996132172068
  p:
  - 0.006199147525239198
  - -0.005530168761324569
  - 0.028860667932609413
  quality: 1.9995040163723423
  r:
  - 0.5970261491458577
  - -0.4468352194068537
  - -0.5480312825903545
  - -0.3788928308058468
- opening: 0.0414996132172068
  p:
  - 0.006199147525239198
  - -0.00553016876132457
  - 0.028860667932609413
  quality: 1.9995040163723423
  r:
  - 0.7404574215873367
  - -0.08845757673899993
  - -0.6640554281947388
  - -0.054115175494485315
- opening: 0.02129085718366762
  p:
  - -0.07420979285181058
  - -0.011803641338621603
  - 0.036701010758195464
  quality: 1.9994696600256883
  r:
  - 0.15007705826635395
  - 0.6552870314419041
  - 0.7392685170415134
  - 0.03946951630582658
- opening: 0.06399660227661651
  p:
  - -0.04484143536497919
  - 0.005102905494772508
  - 0.02627615204728939
  quality: 1.99905401771531
  r:
  - 0.5064399802347818
  - 0.5449120599077842
  - -0.6661757644145511
  - 0.05290788498454503
- opening: 0.06399660227661651
  p:
  - -0.04484143536497917
  - 0.005102905494772502
  - 0.0262761520472894
  quality: 1.99905401771531
  r:
  - 0.16613385842151807
  - 0.7251276768260398
  - -0.5504711928762462
  - 0.3789074546643967
- opening: 0.06399660227661651
  p:
  - -0.044841435364979185
  - 0.005102905494772505
  - 0.02627615204728939
  quality: 1.99905401771531
  r:
  - -0.21868769659125803
  - 0.7110459183293021
  - -0.2872683097501545
  - 0.6033790778607911
- opening: 0.05289490971576655
  p:
  - -0.05073776313496055
  - -0.01643597485829813
  - 0.028800781704681106
  quality: 1.998947989843519
  r:
  - -0.18833632779736936
  - 0.6880242556276929
  - -0.47561422849940294
  - -0.5147262932362001
- opening: 0.05289490971576655
  p:
  - -0.050737763134960534
  - -0.01643597485829813
  - 0.028800781704681106
  quality: 1.998947989843519
  r:
  - 0.5071161721418417
  - -0.501678319894776
  - 0.6692571508999194
  - 0.20795893168864618
- opening: 0.05289490971576655
  p:
  - -0.05073776313496053
  - -0.016435974858298136
  - 0.028800781704681106
  quality: 1.998947989843519
  r:
  - 0.6900146476921452
  - -0.18090808348585138
  - 0.683573160188049
  - -0.15453085766371946
- opening: 0.042068618666909724
  p:
  - 0.02342323121834734
  - -0.0047328825172226864
  - 0.026188020036540187
  quality: 1.9988629459664877
  r:
  - -0.30198156511612045
  - 0.7146948667356519
  - 0.3425761028350536
  - 0.5297735323306307
- opening: 0.042068618666909724
  p:
  - 0.023423231218347332
  - -0.004732882517222687
  - 0.026188020036540187
  quality: 1.9988629459664877
  r:
  - 0.618871140232971
  - -0.46795312798934807
  - -0.5615663739499421
  - -0.287509285833416
- opening: 0.042068618666909724
  p:
  - 0.023423231218347336
  - -0.004732882517222688
  - 0.02618802003654019
  quality: 1.9988629459664877
  r:
  - 0.7699346931054687
  - -0.09582372650268085
  - -0.6300853886684697
  - 0.03179284161931132
- opening: 0.04894577790036739
  p:
  - -0.04945064031417916
  - -0.01567163393737173
  - 0.024945461748597037
  quality: 1.998761105938533
  r:
  - 0.3884396694716018
  - -0.5825719026409977
  - 0.2589192470775588
  - 0.6653460940945177
- opening: 0.04894577790036739
  p:
  - -0.04945064031417916
  - -0.015671633937371733
  - 0.024945461748597037
  quality: 1.998761105938533
  r:
  - 0.6276845729205366
  - -0.31030223248233774
  - 0.5569036925451645
  - 0.44674699625582454
- opening: 0.04894577790036739
  p:
  - -0.049450640314179166
  - -0.015671633937371737
  - 0.024945461748597037
  quality: 1.998761105938533
  r:
  - 0.6987419019539395
  - 0.045112670279539045
  - 0.7056662433333832
  - 0.10844240154935332
- opening: 0.04153003511098424
  p:
  - -0.0014002487480694029
  - -0.006589675104254111
  - 0.029752701482755446
  quality: 1.9985484756477132
  r:
  - 0.7334160266537951
  - 0.10918230658369607
  - -0.6547413483126385
  - 0.14660805771229424
- opening: 0.04153003511098424
  p:
  - -0.0014002487480694026
  - -0.006589675104254113
  - 0.029752701482755446
  quality: 1.9985484756477132
  r:
  - 0.5805657573329834
  - 0.4612626644721594
  - -0.4937186116906735
  - 0.4543369765346612
- opening: 0.04153003511098424
  p:
  - -0.0014002487480694022
  - -0.006589675104254112
  - 0.029752701482755446
  quality: 1.9985484756477132
  r:
  - -0.20397823808762525
  - 0.7128904001389306
  - 0.2308147005391204
  - 0.6300037537915624
- opening: 0.04153003511098424
  p:
  - -0.0014002487480694022
  - -0.006589675104254111
  - 0.029752701482755446
  quality: 1.9985484756477132
  r:
  - 0.5330955360725392
  - -0.5153920775905548
  - -0.5148932711295573
  - -0.43019190499348997
- opening: 0.04153003511098424
  p:
  - -0.0014002487480694026
  - -0.006589675104254111
  - 0.029752701482755446
  quality: 1.9985484756477132
  r:
  - 0.71937031567818
  - -0.17979486406639147
  - -0.6610066055326101
  - -0.1151104826620053
- opening: 0.04165372995887957
  p:
  - 0.018272086835264895
  - -0.005579342649415206
  - 0.027210100160750043
  quality: 1.9984962862162936
  r:
  - -0.31144756438736615
  - 0.6850745584876395
  - 0.42212520920896796
  - 0.5054538274663948
- opening: 0.04165372995887957
  p:
  - 0.0182720868352649
  - -0.005579342649415204
  - 0.027210100160750043
  quality: 1.9984962862162936
  r:
  - 0.6122587819500687
  - -0.43756818894302063
  - -0.6182980684859846
  - -0.22667325042149036
- opening: 0.04165372995887957
  p:
  - 0.018272086835264895
  - -0.005579342649415208
  - 0.027210100160750043
  quality: 1.9984962862162936
  r:
  - 0.7490157533303872
  - -0.0728157765375709
  - -0.6487984596304586
  - 0.11284424101958976
- opening: 0.04143247703644986
  p:
  - -0.0009833437972544793
  - -0.007312879636818976
  - 0.029961555903289205
  quality: 1.998396933509374
  r:
  - 0.7373434004159747
  - 0.06579168857319398
  - -0.6325855849277051
  - 0.227665634910868
- opening: 0.04143247703644986
  p:
  - -0.0009833437972544825
  - -0.007312879636818978
  - 0.029961555903289205
  quality: 1.998396933509374
  r:
  - 0.31169442654572715
  - 0.6714539603596325
  - -0.11912856906232759
  - 0.661668004070665
- opening: 0.04143247703644986
  p:
  - -0.000983343797254482
  - -0.007312879636818973
  - 0.029961555903289208
  quality: 1.998396933509374
  r:
  - -0.161471457971881
  - 0.7224477868211236
  - 0.3082869114976932
  - 0.5974573991314432
- opening: 0.04143247703644986
  p:
  - -0.000983343797254482
  - -0.007312879636818978
  - 0.029961555903289205
  quality: 1.998396933509374
  r:
  - 0.7063938652808782
  - -0.22138550882080132
  - -0.6715567410756552
  - -0.03174440255447419
- opening: 0.016315770131442402
  p:
  - -0.04862068817440766
  - -0.029868055799585975
  - 0.03582896855694089
  quality: 1.9981515245131845
  r:
  - 0.6018530364506803
  - -0.7658829922510844
  - -0.17374189801132012
  - -0.14494798229380673
- opening: 0.021550481313179912
  p:
  - -0.03723694912814163
  - -0.0077342879776886395
  - 0.04332434253163499
  quality: 1.9976423924474602
  r:
  - 0.2325035316800038
  - 0.7092049673408356
  - -0.6618025676406041
  - 0.07062424172841267
- opening: 0.026563216457239094
  p:
  - -0.0540302518760323
  - 0.006188640858123071
  - 0.015959389010432257
  quality: 1.9974382044470853
  r:
  - 0.5178737099388309
  - 0.4389812128402959
  - 0.4873315265352277
  - -0.5491905849268534
- opening: 0.04144756050045534
  p:
  - -0.007667164693636455
  - -0.0072765213685853656
  - 0.030306078800047924
  quality: 1.9973948177325493
  r:
  - 0.6822841339582982
  - 0.17408140494033994
  - -0.6660807458016096
  - 0.24600907518858703
- opening: 0.04144756050045534
  p:
  - -0.0076671646936364544
  - -0.007276521368585364
  - 0.030306078800047924
  quality: 1.9973948177325493
  r:
  - 0.5038346901367814
  - 0.4919009859839692
  - -0.4538383092415856
  - 0.5460904815756371
- opening: 0.04144756050045534
  p:
  - -0.007667164693636456
  - -0.007276521368585363
  - 0.030306078800047924
  quality: 1.9973948177325493
  r:
  - -0.08353616437110103
  - 0.6991692815330147
  - 0.15696344998647163
  - 0.6924929605209839
- opening: 0.04144756050045534
  p:
  - -0.007667164693636456
  - -0.007276521368585365
  - 0.030306078800047924
  quality: 1.9973948177325493
  r:
  - -0.4219290812465933
  - 0.5637302771677545
  - 0.4821808154144245
  - 0.5212347707598305
- opening: 0.04144756050045534
  p:
  - -0.007667164693636455
  - -0.007276521368585365
  - 0.030306078800047924
  quality: 1.9973948177325493
  r:
  - 0.6472664415388554
  - -0.27724020028642155
  - -0.6781982207463021
  - -0.21031214510655954
- opening: 0.02322720001510167
  p:
  - -0.013519072482380231
  - -0.006063339458539152
  - 0.042067263680216745
  quality: 1.9967769695420179
  r:
  - -0.4810263846849896
  - -0.5606873430040518
  - 0.6442148489199951
  - 0.19806703174161241
- opening: 0.02322720001510167
  p:
  - -0.013519072482380233
  - -0.006063339458539153
  - 0.04206726368021675
  quality: 1.9967769695420179
  r:
  - 0.1362373975257609
  - 0.7260826749644028
  - -0.6569399405306761
  - 0.15057634331958242
- opening: 0.02322720001510167
  p:
  - -0.013519072482380226
  - -0.006063339458539149
  - 0.04206726368021675
  quality: 1.9967769695420179
  r:
  - -0.2450562902794132
  - 0.6969247405298128
  - -0.4936385056004126
  - 0.4588729087890636
- opening: 0.048527732378269205
  p:
  - -0.051922813994136244
  - -0.01955345508525335
  - 0.02330445263541705
  quality: 1.9966892130903395
  r:
  - -0.26155218154489496
  - 0.7471840964793408
  - -0.10480916720999968
  - 0.6019314086888999
- opening: 0.048527732378269205
  p:
  - -0.05192281399413626
  - -0.019553455085253357
  - 0.023304452635417045
  quality: 1.9966892130903395
  r:
  - 0.6001028818727888
  - -0.5163043180823847
  - -0.21019830299109918
  - -0.5736924748653406
- opening: 0.048527732378269205
  p:
  - -0.05192281399413626
  - -0.019553455085253354
  - 0.02330445263541705
  quality: 1.9966892130903395
  r:
  - 0.7778564996272795
  - -0.14708121460655205
  - -0.4688833076553408
  - -0.39173310569780084
- opening: 0.04159658924372104
  p:
  - 0.05542707493978251
  - -0.0030597998816941905
  - 0.021017040231223694
  quality: 1.9960787026858764
  r:
  - 0.5953688326807595
  - 0.3022688871382263
  - 0.5998879223720863
  - -0.44079922133854765
- opening: 0.04159658924372104
  p:
  - 0.05542707493978251
  - -0.00305979988169419
  - 0.021017040231223694
  quality: 1.9960787026858764
  r:
  - -0.36447009015391163
  - -0.5594569513757349
  - -0.2991185695284202
  - 0.681687284833625
- opening: 0.04159658924372104
  p:
  - 0.05542707493978251
  - -0.0030597998816941896
  - 0.021017040231223694
  quality: 1.9960787026858764
  r:
  - -0.03591188130502469
  - -0.6667389772921378
  - 0.08179936246153857
  - 0.7399177908669679
- opening: 0.042292931026965554
  p:
  - 0.03717829321136497
  - -0.004188734818880263
  - 0.023711153498074528
  quality: 1.9960607935922532
  r:
  - 0.5742753949626127
  - 0.2880427315507867
  - 0.537462687010399
  - -0.546235311576301
- opening: 0.042292931026965554
  p:
  - 0.037178293211364975
  - -0.0041887348188802695
  - 0.023711153498074528
  quality: 1.9960607935922532
  r:
  - -0.3533157150305713
  - -0.5365900203797491
  - -0.19233868474909965
  - 0.7417849997743841
- opening: 0.042292931026965554
  p:
  - 0.037178293211364975
  - -0.004188734818880267
  - 0.023711153498074528
  quality: 1.9960607935922532
  r:
  - -0.03768537458286376
  - -0.641358446581358
  - 0.20432231276398502
  - 0.7385739963254007
- opening: 0.041259152821275416
  p:
  - -0.008404615960251657
  - -0.007615031643060299
  - 0.03039621128369901
  quality: 1.9958970583113627
  r:
  - 0.6762128181549197
  - 0.14506189613489792
  - 0.6430044484479924
  - -0.32899627677045623
- opening: 0.041259152821275416
  p:
  - -0.008404615960251657
  - -0.007615031643060301
  - 0.03039621128369901
  quality: 1.9958970583113627
  r:
  - -0.05555738721993391
  - 0.6893621006935069
  - -0.24225274577871364
  - -0.6804460875156852
- opening: 0.021537341762356825
  p:
  - -0.07115619075321605
  - -0.010525580192014864
  - 0.041907293744442194
  quality: 1.9957024095358356
  r:
  - 0.4736598193093881
  - 0.5112773011628685
  - 0.6049049077849911
  - 0.3851388703117912
- opening: 0.021537341762356825
  p:
  - -0.07115619075321604
  - -0.010525580192014867
  - 0.041907293744442194
  quality: 1.9957024095358356
  r:
  - 0.15456278569244292
  - 0.6796090408400854
  - 0.716432452171581
  - 0.031087591782356046
- opening: 0.021537341762356825
  p:
  - -0.07115619075321605
  - -0.010525580192014867
  - 0.041907293744442194
  quality: 1.9957024095358356
  r:
  - -0.20594922153069697
  - 0.6658400868553115
  - 0.6359924995673473
  - -0.33129358185978974
- opening: 0.04165884215764301
  p:
  - 0.029544477574382933
  - -0.005612914193483196
  - 0.02556332568974184
  quality: 1.995535614625891
  r:
  - -0.22372093208075233
  - 0.7172426034090811
  - 0.44147008173079544
  - 0.49052641044136225
- opening: 0.04165884215764301
  p:
  - 0.02954447757438294
  - -0.0056129141934831974
  - 0.025563325689741834
  quality: 1.995535614625891
  r:
  - 0.552369312244805
  - -0.5092898491883754
  - -0.6275875110103424
  - -0.20407329180401418
- opening: 0.04165884215764301
  p:
  - 0.029544477574382937
  - -0.0056129141934832
  - 0.025563325689741834
  quality: 1.995535614625891
  r:
  - 0.7330107812691276
  - -0.16487329116427618
  - -0.6455433735348097
  - 0.13706110056897994
- opening: 0.05266809278002304
  p:
  - -0.05332263101700334
  - -0.013071086140878187
  - 0.02761540217970508
  quality: 1.9953582051167893
  r:
  - -0.23821333240369874
  - 0.6485912748394125
  - -0.41163409317185484
  - -0.5942567961798128
- opening: 0.05266809278002304
  p:
  - -0.05332263101700332
  - -0.01307108614087818
  - 0.027615402179705078
  quality: 1.9953582051167893
  r:
  - 0.5305944348014558
  - -0.442589854482017
  - 0.653613979840503
  - 0.30882443527734227
- opening: 0.05266809278002304
  p:
  - -0.05332263101700332
  - -0.013071086140878183
  - 0.027615402179705078
  quality: 1.9953582051167893
  r:
  - 0.6808031868857153
  - -0.11799684003795653
  - 0.7204585284491966
  - -0.05935718366069021
- opening: 0.03806320443325192
  p:
  - -0.0498282163037668
  - -0.015354437837485115
  - 0.03832313435512659
  quality: 1.9951719659745866
  r:
  - 0.1315901811234956
  - 0.737873310870182
  - -0.5162902830207421
  - -0.4143324088165485
- opening: 0.03806320443325192
  p:
  - -0.0498282163037668
  - -0.01535443783748512
  - 0.03832313435512658
  quality: 1.9951719659745866
  r:
  - -0.25497621569354834
  - 0.7048121225498578
  - -0.6542867052312944
  - -0.1006772501359596
- opening: 0.03806320443325192
  p:
  - -0.049828216303766805
  - -0.015354437837485118
  - 0.03832313435512659
  quality: 1.9951719659745866
  r:
  - 0.5732219414263622
  - -0.4828970951766338
  - 0.6169675331567016
  - -0.23995429641474575
- opening: 0.02491703701174782
  p:
  - 0.02429535865487813
  - -0.007484394188168167
  - 0.012292395972721682
  quality: 1.9948173501902677
  r:
  - 0.14753903748833175
  - 0.6773715909050094
  - 0.7196578181880935
  - 0.03863398727268642
- opening: 0.02491703701174782
  p:
  - 0.024295358654878127
  - -0.007484394188168168
  - 0.012292395972721684
  quality: 1.9948173501902677
  r:
  - -0.21091324093770472
  - 0.6603905242697843
  - 0.6425589462193152
  - -0.3263708946664156
- opening: 0.02491703701174782
  p:
  - 0.024295358654878134
  - -0.007484394188168166
  - 0.012292395972721686
  quality: 1.9948173501902677
  r:
  - 0.5128514867814523
  - -0.46645834996730484
  - -0.3932869235216781
  - 0.6039249589466286
- opening: 0.06378562835155134
  p:
  - -0.04375233829349665
  - 0.005702370655035636
  - 0.026634749717213635
  quality: 1.9947682830508904
  r:
  - -0.444259836599125
  - -0.5743038927717966
  - 0.6742619842008915
  - -0.13482957017492925
- opening: 0.06378562835155134
  p:
  - -0.043752338293496645
  - 0.0057023706550356395
  - 0.026634749717213635
  quality: 1.9947682830508904
  r:
  - 0.09758835799006793
  - 0.7194916789322326
  - -0.5165132220366093
  - 0.45389682505327084
- opening: 0.06378562835155134
  p:
  - -0.043752338293496645
  - 0.005702370655035636
  - 0.026634749717213635
  quality: 1.9947682830508904
  r:
  - -0.27523184233310766
  - 0.6718922507618643
  - -0.22036515914762037
  - 0.6513427922115383
- opening: 0.041934826066563215
  p:
  - 0.025693838307933137
  - -0.005390416877228469
  - 0.025625695302147176
  quality: 1.9946488400576181
  r:
  - -0.41135054168609764
  - 0.6448544258448358
  - 0.29010820303522483
  - 0.5751440966006294
- opening: 0.041934826066563215
  p:
  - 0.025693838307933134
  - -0.005390416877228465
  - 0.025625695302147176
  quality: 1.9946488400576181
  r:
  - 0.6786672318830681
  - -0.35278504368140745
  - -0.5388131219750733
  - -0.3530352969751837
- opening: 0.041934826066563215
  p:
  - 0.025693838307933137
  - -0.005390416877228466
  - 0.025625695302147176
  quality: 1.9946488400576181
  r:
  - 0.764135585367505
  - 0.03381280603823225
  - -0.6431435000104087
  - -0.036330974625556296
- opening: 0.03835951166029555
  p:
  - -0.04898391993957442
  - -0.015898993358003086
  - 0.03932076883345824
  quality: 1.9943521114898568
  r:
  - 0.05975270809454073
  - 0.7361094626823185
  - -0.5977189891197467
  - -0.3119366648385291
- opening: 0.03835951166029555
  p:
  - -0.04898391993957441
  - -0.015898993358003093
  - 0.03932076883345825
  quality: 1.9943521114898568
  r:
  - 0.31630736818637073
  - -0.6673658486962714
  - 0.6736081613213198
  - -0.028714418437915036
- opening: 0.03835951166029555
  p:
  - -0.048983919939574405
  - -0.015898993358003093
  - 0.03932076883345825
  quality: 1.9943521114898568
  r:
  - 0.6076131406017308
  - -0.4198020944959476
  - 0.5690045706818316
  - -0.36167149648279073
- opening: 0.022232009964142475
  p:
  - 0.0729895672700167
  - -0.0003116403259335819
  - 0.03161273649628004
  quality: 1.9942703504610721
  r:
  - 0.24413389929951582
  - 0.6312070683350142
  - 0.7254077936614909
  - 0.12553807785647503
- opening: 0.022232009964142475
  p:
  - 0.0729895672700167
  - -0.00031164032593358
  - 0.03161273649628005
  quality: 1.9942703504610721
  r:
  - -0.10417737544917441
  - 0.6687083058761802
  - 0.690990616342309
  - -0.25398473226476914
- opening: 0.022232009964142475
  p:
  - 0.0729895672700167
  - -0.00031164032593357984
  - 0.03161273649628005
  quality: 1.9942703504610721
  r:
  - 0.42457440657666434
  - -0.5270296928858399
  - -0.4714230613967217
  - 0.5654525384858338
- opening: 0.040481982954663216
  p:
  - -0.014597370315100212
  - -0.007139380521307399
  - 0.029495718091713353
  quality: 1.9941957386153053
  r:
  - 0.6841541302424253
  - 0.09376372545849831
  - -0.5441247790409708
  - 0.4765183256643848
- opening: 0.040481982954663216
  p:
  - -0.014597370315100213
  - -0.007139380521307399
  - 0.029495718091713353
  quality: 1.9941957386153053
  r:
  - 0.5456129941647387
  - 0.4232788333217417
  - -0.23296671864588278
  - 0.6847393649146686
- opening: 0.040481982954663216
  p:
  - -0.014597370315100213
  - -0.007139380521307402
  - 0.029495718091713353
  quality: 1.9941957386153053
  r:
  - 0.2608752969206835
  - 0.6393767196232373
  - 0.14061458587369796
  - 0.7094850443102674
- opening: 0.02668129471187155
  p:
  - -0.04905225005182493
  - 0.00675487511242667
  - 0.015085922087333403
  quality: 1.99380512258807
  r:
  - 0.697073851390479
  - 0.08816283030704904
  - 0.6446792681804022
  - -0.3011710514612516
- opening: 0.02668129471187155
  p:
  - -0.04905225005182493
  - 0.006754875112426675
  - 0.015085922087333403
  quality: 1.99380512258807
  r:
  - 0.5596022484644889
  - 0.4248881764106805
  - 0.4077230978067635
  - -0.5831614155401155
- opening: 0.02668129471187155
  p:
  - -0.04905225005182493
  - 0.006754875112426681
  - 0.015085922087333399
  quality: 1.99380512258807
  r:
  - -0.27218567497979856
  - -0.6477650787715376
  - -0.06151785264028701
  - 0.7088941492680152
- opening: 0.01761177531545237
  p:
  - -0.048485004296976456
  - -0.029292742673692036
  - 0.037044408702868174
  quality: 1.993135600689596
  r:
  - -0.2281393473264282
  - 0.12052811561435102
  - 0.7733708864204091
  - 0.579070706896175
- opening: 0.037291401851424995
  p:
  - -0.012703381829676088
  - -0.007244635886400513
  - 0.028096925799836917
  quality: 1.992726565385707
  r:
  - 0.6180344630275396
  - 0.2528576064757807
  - -0.6141152353394549
  - 0.42066484412363947
- opening: 0.022863675859519348
  p:
  - -0.019092457092452882
  - -0.0055499830901091386
  - 0.04252078477389278
  quality: 1.992411785004204
  r:
  - 0.2719148854660915
  - 0.6549184487539792
  - 0.6516400238590746
  - 0.2692756948716105
- opening: 0.022863675859519348
  p:
  - -0.01909245709245287
  - -0.0055499830901091386
  - 0.042520784773892775
  quality: 1.992411785004204
  r:
  - -0.09197402589621827
  - 0.7031334567610887
  - 0.6989746622204616
  - -0.09262041954901544
- opening: 0.022863675859519348
  p:
  - -0.019092457092452875
  - -0.0055499830901091386
  - 0.04252078477389278
  quality: 1.992411785004204
  r:
  - -0.43121857129499724
  - 0.5629444228577609
  - 0.5590196043100591
  - -0.42969896734885094
- opening: 0.02310558932739818
  p:
  - 0.06296376370780463
  - -0.004779656314030402
  - 0.007720447337208569
  quality: 1.9921202065476886
  r:
  - 0.17301291565277035
  - 0.672288306981199
  - 0.7196647303580025
  - 0.013328135369346886
- opening: 0.02310558932739818
  p:
  - 0.06296376370780463
  - -0.004779656314030402
  - 0.007720447337208571
  quality: 1.9921202065476886
  r:
  - -0.18631057335248602
  - 0.668725210339335
  - 0.6299120063823817
  - -0.348289861364069
- opening: 0.02310558932739818
  p:
  - 0.06296376370780464
  - -0.0047796563140304026
  - 0.007720447337208566
  quality: 1.9921202065476886
  r:
  - 0.4957122946865643
  - -0.4859777336287133
  - -0.3713748689939336
  - 0.6165838710130348
- opening: 0.023652061429820896
  p:
  - -0.0019084463749313402
  - -0.004375094360693216
  - 0.04114353520717817
  quality: 1.9917400188054888
  r:
  - 0.694902803220739
  - 0.18510239244000995
  - -0.18090443195946415
  - -0.6709104149484988
- opening: 0.023652061429820896
  p:
  - -0.0019084463749313365
  - -0.004375094360693216
  - 0.04114353520717817
  quality: 1.9917400188054888
  r:
  - 0.360483327514741
  - 0.6222576413311102
  - -0.6023240545640014
  - -0.3464865533935266
- opening: 0.023652061429820896
  p:
  - -0.0019084463749313378
  - -0.004375094360693216
  - 0.04114353520717817
  quality: 1.9917400188054888
  r:
  - 0.001058898602956519
  - 0.7191325888490976
  - -0.6948712092596329
  - 0.0010958699734935039
- opening: 0.023652061429820896
  p:
  - -0.0019084463749313321
  - -0.004375094360693215
  - 0.04114353520717818
  quality: 1.9917400188054888
  r:
  - -0.35864926133435665
  - 0.6233165399340667
  - -0.6012281845905081
  - 0.34838465586610656
- opening: 0.021517980695299258
  p:
  - -0.039251852237822876
  - -0.008010252619878254
  - 0.04285670962579265
  quality: 1.9914703801302056
  r:
  - 0.1365702750485408
  - 0.7461210839606537
  - -0.6313500775026589
  - 0.16139692586890145
- opening: 0.06374028378867116
  p:
  - -0.040414248064474856
  - 0.005145997027054879
  - 0.02618643188067811
  quality: 1.99125193752361
  r:
  - 0.5105221274454653
  - 0.5023389009454517
  - -0.6974067196594974
  - 0.025429379844005985
- opening: 0.06374028378867116
  p:
  - -0.04041424806447486
  - 0.005145997027054885
  - 0.026186431880678113
  quality: 1.99125193752361
  r:
  - 0.19095568108912397
  - 0.6902993132506486
  - -0.5912572460730942
  - 0.3707258487771418
stable_poses:
- p:
  - -0.016954788485590316
  - -0.03136932493578311
  - 0.020135195474356996
  r:
  - 0.7522901836273723
  - -0.6540230891371671
  - -0.05899070378891099
  - 0.05131581524132251
- p:
  - -0.016212473715051596
  - -0.01718669819870884
  - 0.050641564209395876
  r:
  - -0.23217065970357623
  - 0.9686473038017477
  - 0.019936821845389287
  - -0.08304941920068044
- p:
  - -0.020158701197740606
  - 0.01390434715348894
  - 0.037658917836852976
  r:
  - 0.43881436317330114
  - 0.8976252920156326
  - -0.012016927604830582
  - -0.024510320214921406
- p:
  - -0.0217702043435853
  - -0.003353608134789395
  - 0.00041855514041018796
  r:
  - 0.9997696209038448
  - 0.0060894863452309825
  - 0.008370257400239991
  - 5.1036435205869414e-05
